
Microsoft Visual Studio Solution File, Format Version 12.00
# Visual Studio Version 16
VisualStudioVersion = 16.0.31321.278
MinimumVisualStudioVersion = 10.0.40219.1
Project("{9A19103F-16F7-4668-BE54-9A1E7A4F7556}") = "Project3", "Project3\Project3.csproj", "{40AEEF87-AC80-478E-AD4F-34504CE25DD9}"
EndProject
Project("{9A19103F-16F7-4668-BE54-9A1E7A4F7556}") = "Project_2", "Project_2\Project_2.csproj", "{0A95F84F-B59E-4F24-8E15-9269C55A86DE}"
EndProject
Project("{9A19103F-16F7-4668-BE54-9A1E7A4F7556}") = "Project1", "Project1\Project1.csproj", "{EA0CED26-C89E-4197-B919-A30028694929}"
EndProject
Global
	GlobalSection(SolutionConfigurationPlatforms) = preSolution
		Debug|Any CPU = Debug|Any CPU
		Release|Any CPU = Release|Any CPU
	EndGlobalSection
	GlobalSection(ProjectConfigurationPlatforms) = postSolution
		{40AEEF87-AC80-478E-AD4F-34504CE25DD9}.Debug|Any CPU.ActiveCfg = Debug|Any CPU
		{40AEEF87-AC80-478E-AD4F-34504CE25DD9}.Debug|Any CPU.Build.0 = Debug|Any CPU
		{40AEEF87-AC80-478E-AD4F-34504CE25DD9}.Release|Any CPU.ActiveCfg = Release|Any CPU
		{40AEEF87-AC80-478E-AD4F-34504CE25DD9}.Release|Any CPU.Build.0 = Release|Any CPU
		{0A95F84F-B59E-4F24-8E15-9269C55A86DE}.Debug|Any CPU.ActiveCfg = Debug|Any CPU
		{0A95F84F-B59E-4F24-8E15-9269C55A86DE}.Debug|Any CPU.Build.0 = Debug|Any CPU
		{0A95F84F-B59E-4F24-8E15-9269C55A86DE}.Release|Any CPU.ActiveCfg = Release|Any CPU
		{0A95F84F-B59E-4F24-8E15-9269C55A86DE}.Release|Any CPU.Build.0 = Release|Any CPU
		{EA0CED26-C89E-4197-B919-A30028694929}.Debug|Any CPU.ActiveCfg = Debug|Any CPU
		{EA0CED26-C89E-4197-B919-A30028694929}.Debug|Any CPU.Build.0 = Debug|Any CPU
		{EA0CED26-C89E-4197-B919-A30028694929}.Release|Any CPU.ActiveCfg = Release|Any CPU
		{EA0CED26-C89E-4197-B919-A30028694929}.Release|Any CPU.Build.0 = Release|Any CPU
	EndGlobalSection
	GlobalSection(SolutionProperties) = preSolution
		HideSolutionNode = FALSE
	EndGlobalSection
	GlobalSection(ExtensibilityGlobals) = postSolution
		SolutionGuid = {21E3A448-7EAE-4A78-A385-4A559073C503}
	EndGlobalSection
EndGlobal
